// !$*UTF8*$!
{
	archiveVersion = 1;
	classes = {
	};
	objectVersion = 46;
	objects = {

/* Begin PBXBuildFile section */
		062273E31F4D202E0080790D /* ImageGridViewController.m in Sources */ = {isa = PBXBuildFile; fileRef = 062273E21F4D202E0080790D /* ImageGridViewController.m */; };
		062273E61F4D232E0080790D /* imageGridCollectionViewCell.m in Sources */ = {isa = PBXBuildFile; fileRef = 062273E51F4D232E0080790D /* imageGridCollectionViewCell.m */; };
		062273EA1F4D28160080790D /* UIImageView+Utils.m in Sources */ = {isa = PBXBuildFile; fileRef = 062273E91F4D28160080790D /* UIImageView+Utils.m */; };
		0651DFFF1F4CF2350092030C /* main.m in Sources */ = {isa = PBXBuildFile; fileRef = 0651DFFE1F4CF2350092030C /* main.m */; };
		0651E0021F4CF2350092030C /* AppDelegate.m in Sources */ = {isa = PBXBuildFile; fileRef = 0651E0011F4CF2350092030C /* AppDelegate.m */; };
		0651E0051F4CF2350092030C /* ViewController.m in Sources */ = {isa = PBXBuildFile; fileRef = 0651E0041F4CF2350092030C /* ViewController.m */; };
		0651E0081F4CF2350092030C /* Main.storyboard in Resources */ = {isa = PBXBuildFile; fileRef = 0651E0061F4CF2350092030C /* Main.storyboard */; };
		0651E00A1F4CF2350092030C /* Assets.xcassets in Resources */ = {isa = PBXBuildFile; fileRef = 0651E0091F4CF2350092030C /* Assets.xcassets */; };
		0651E00D1F4CF2350092030C /* LaunchScreen.storyboard in Resources */ = {isa = PBXBuildFile; fileRef = 0651E00B1F4CF2350092030C /* LaunchScreen.storyboard */; };
		0651E0181F4CF2350092030C /* eyCodeChallengeTests.m in Sources */ = {isa = PBXBuildFile; fileRef = 0651E0171F4CF2350092030C /* eyCodeChallengeTests.m */; };
		0651E0231F4CF2350092030C /* eyCodeChallengeUITests.m in Sources */ = {isa = PBXBuildFile; fileRef = 0651E0221F4CF2350092030C /* eyCodeChallengeUITests.m */; };
		0651E03A1F4D09340092030C /* ApiNetworkingManager.m in Sources */ = {isa = PBXBuildFile; fileRef = 0651E0391F4D09340092030C /* ApiNetworkingManager.m */; };
		0651E03D1F4D0EB10092030C /* ImageBuilder.m in Sources */ = {isa = PBXBuildFile; fileRef = 0651E03C1F4D0EB10092030C /* ImageBuilder.m */; };
		0651E0411F4D0EFC0092030C /* ImageObject.m in Sources */ = {isa = PBXBuildFile; fileRef = 0651E0401F4D0EFC0092030C /* ImageObject.m */; };
/* End PBXBuildFile section */

/* Begin PBXContainerItemProxy section */
		0651E0141F4CF2350092030C /* PBXContainerItemProxy */ = {
			isa = PBXContainerItemProxy;
			containerPortal = 0651DFF21F4CF2350092030C /* Project object */;
			proxyType = 1;
			remoteGlobalIDString = 0651DFF91F4CF2350092030C;
			remoteInfo = eyCodeChallenge;
		};
		0651E01F1F4CF2350092030C /* PBXContainerItemProxy */ = {
			isa = PBXContainerItemProxy;
			containerPortal = 0651DFF21F4CF2350092030C /* Project object */;
			proxyType = 1;
			remoteGlobalIDString = 0651DFF91F4CF2350092030C;
			remoteInfo = eyCodeChallenge;
		};
/* End PBXContainerItemProxy section */

/* Begin PBXFileReference section */
		062273E11F4D202E0080790D /* ImageGridViewController.h */ = {isa = PBXFileReference; fileEncoding = 4; lastKnownFileType = sourcecode.c.h; path = ImageGridViewController.h; sourceTree = "<group>"; };
		062273E21F4D202E0080790D /* ImageGridViewController.m */ = {isa = PBXFileReference; fileEncoding = 4; lastKnownFileType = sourcecode.c.objc; path = ImageGridViewController.m; sourceTree = "<group>"; };
		062273E41F4D232E0080790D /* imageGridCollectionViewCell.h */ = {isa = PBXFileReference; fileEncoding = 4; lastKnownFileType = sourcecode.c.h; path = imageGridCollectionViewCell.h; sourceTree = "<group>"; };
		062273E51F4D232E0080790D /* imageGridCollectionViewCell.m */ = {isa = PBXFileReference; fileEncoding = 4; lastKnownFileType = sourcecode.c.objc; path = imageGridCollectionViewCell.m; sourceTree = "<group>"; };
		062273E81F4D28160080790D /* UIImageView+Utils.h */ = {isa = PBXFileReference; fileEncoding = 4; lastKnownFileType = sourcecode.c.h; path = "UIImageView+Utils.h"; sourceTree = "<group>"; };
		062273E91F4D28160080790D /* UIImageView+Utils.m */ = {isa = PBXFileReference; fileEncoding = 4; lastKnownFileType = sourcecode.c.objc; path = "UIImageView+Utils.m"; sourceTree = "<group>"; };
		0651DFFA1F4CF2350092030C /* eyCodeChallenge.app */ = {isa = PBXFileReference; explicitFileType = wrapper.application; includeInIndex = 0; path = eyCodeChallenge.app; sourceTree = BUILT_PRODUCTS_DIR; };
		0651DFFE1F4CF2350092030C /* main.m */ = {isa = PBXFileReference; lastKnownFileType = sourcecode.c.objc; path = main.m; sourceTree = "<group>"; };
		0651E0001F4CF2350092030C /* AppDelegate.h */ = {isa = PBXFileReference; lastKnownFileType = sourcecode.c.h; path = AppDelegate.h; sourceTree = "<group>"; };
		0651E0011F4CF2350092030C /* AppDelegate.m */ = {isa = PBXFileReference; lastKnownFileType = sourcecode.c.objc; path = AppDelegate.m; sourceTree = "<group>"; };
		0651E0031F4CF2350092030C /* ViewController.h */ = {isa = PBXFileReference; lastKnownFileType = sourcecode.c.h; path = ViewController.h; sourceTree = "<group>"; };
		0651E0041F4CF2350092030C /* ViewController.m */ = {isa = PBXFileReference; lastKnownFileType = sourcecode.c.objc; path = ViewController.m; sourceTree = "<group>"; };
		0651E0071F4CF2350092030C /* Base */ = {isa = PBXFileReference; lastKnownFileType = file.storyboard; name = Base; path = Base.lproj/Main.storyboard; sourceTree = "<group>"; };
		0651E0091F4CF2350092030C /* Assets.xcassets */ = {isa = PBXFileReference; lastKnownFileType = folder.assetcatalog; path = Assets.xcassets; sourceTree = "<group>"; };
		0651E00C1F4CF2350092030C /* Base */ = {isa = PBXFileReference; lastKnownFileType = file.storyboard; name = Base; path = Base.lproj/LaunchScreen.storyboard; sourceTree = "<group>"; };
		0651E00E1F4CF2350092030C /* Info.plist */ = {isa = PBXFileReference; lastKnownFileType = text.plist.xml; path = Info.plist; sourceTree = "<group>"; };
		0651E0131F4CF2350092030C /* eyCodeChallengeTests.xctest */ = {isa = PBXFileReference; explicitFileType = wrapper.cfbundle; includeInIndex = 0; path = eyCodeChallengeTests.xctest; sourceTree = BUILT_PRODUCTS_DIR; };
		0651E0171F4CF2350092030C /* eyCodeChallengeTests.m */ = {isa = PBXFileReference; lastKnownFileType = sourcecode.c.objc; path = eyCodeChallengeTests.m; sourceTree = "<group>"; };
		0651E0191F4CF2350092030C /* Info.plist */ = {isa = PBXFileReference; lastKnownFileType = text.plist.xml; path = Info.plist; sourceTree = "<group>"; };
		0651E01E1F4CF2350092030C /* eyCodeChallengeUITests.xctest */ = {isa = PBXFileReference; explicitFileType = wrapper.cfbundle; includeInIndex = 0; path = eyCodeChallengeUITests.xctest; sourceTree = BUILT_PRODUCTS_DIR; };
		0651E0221F4CF2350092030C /* eyCodeChallengeUITests.m */ = {isa = PBXFileReference; lastKnownFileType = sourcecode.c.objc; path = eyCodeChallengeUITests.m; sourceTree = "<group>"; };
		0651E0241F4CF2350092030C /* Info.plist */ = {isa = PBXFileReference; lastKnownFileType = text.plist.xml; path = Info.plist; sourceTree = "<group>"; };
		0651E0381F4D09340092030C /* ApiNetworkingManager.h */ = {isa = PBXFileReference; fileEncoding = 4; lastKnownFileType = sourcecode.c.h; path = ApiNetworkingManager.h; sourceTree = "<group>"; };
		0651E0391F4D09340092030C /* ApiNetworkingManager.m */ = {isa = PBXFileReference; fileEncoding = 4; lastKnownFileType = sourcecode.c.objc; path = ApiNetworkingManager.m; sourceTree = "<group>"; };
		0651E03B1F4D0EB10092030C /* ImageBuilder.h */ = {isa = PBXFileReference; fileEncoding = 4; lastKnownFileType = sourcecode.c.h; path = ImageBuilder.h; sourceTree = "<group>"; };
		0651E03C1F4D0EB10092030C /* ImageBuilder.m */ = {isa = PBXFileReference; fileEncoding = 4; lastKnownFileType = sourcecode.c.objc; path = ImageBuilder.m; sourceTree = "<group>"; };
		0651E03F1F4D0EFC0092030C /* ImageObject.h */ = {isa = PBXFileReference; fileEncoding = 4; lastKnownFileType = sourcecode.c.h; path = ImageObject.h; sourceTree = "<group>"; };
		0651E0401F4D0EFC0092030C /* ImageObject.m */ = {isa = PBXFileReference; fileEncoding = 4; lastKnownFileType = sourcecode.c.objc; path = ImageObject.m; sourceTree = "<group>"; };
/* End PBXFileReference section */

/* Begin PBXFrameworksBuildPhase section */
		0651DFF71F4CF2350092030C /* Frameworks */ = {
			isa = PBXFrameworksBuildPhase;
			buildActionMask = 2147483647;
			files = (
			);
			runOnlyForDeploymentPostprocessing = 0;
		};
		0651E0101F4CF2350092030C /* Frameworks */ = {
			isa = PBXFrameworksBuildPhase;
			buildActionMask = 2147483647;
			files = (
			);
			runOnlyForDeploymentPostprocessing = 0;
		};
		0651E01B1F4CF2350092030C /* Frameworks */ = {
			isa = PBXFrameworksBuildPhase;
			buildActionMask = 2147483647;
			files = (
			);
			runOnlyForDeploymentPostprocessing = 0;
		};
/* End PBXFrameworksBuildPhase section */

/* Begin PBXGroup section */
		062273E71F4D27F10080790D /* Utils */ = {
			isa = PBXGroup;
			children = (
				062273E81F4D28160080790D /* UIImageView+Utils.h */,
				062273E91F4D28160080790D /* UIImageView+Utils.m */,
			);
			name = Utils;
			sourceTree = "<group>";
		};
		0651DFF11F4CF2350092030C = {
			isa = PBXGroup;
			children = (
				0651DFFC1F4CF2350092030C /* eyCodeChallenge */,
				0651E0161F4CF2350092030C /* eyCodeChallengeTests */,
				0651E0211F4CF2350092030C /* eyCodeChallengeUITests */,
				0651DFFB1F4CF2350092030C /* Products */,
			);
			sourceTree = "<group>";
		};
		0651DFFB1F4CF2350092030C /* Products */ = {
			isa = PBXGroup;
			children = (
				0651DFFA1F4CF2350092030C /* eyCodeChallenge.app */,
				0651E0131F4CF2350092030C /* eyCodeChallengeTests.xctest */,
				0651E01E1F4CF2350092030C /* eyCodeChallengeUITests.xctest */,
			);
			name = Products;
			sourceTree = "<group>";
		};
		0651DFFC1F4CF2350092030C /* eyCodeChallenge */ = {
			isa = PBXGroup;
			children = (
				062273E71F4D27F10080790D /* Utils */,
				0651E0371F4D09150092030C /* Networking */,
				0651E0341F4CFD8B0092030C /* Controllers  */,
				0651E0331F4CFD840092030C /* Views */,
				0651E0321F4CFD7D0092030C /* Models */,
				0651E0001F4CF2350092030C /* AppDelegate.h */,
				0651E0011F4CF2350092030C /* AppDelegate.m */,
				0651E0031F4CF2350092030C /* ViewController.h */,
				0651E0041F4CF2350092030C /* ViewController.m */,
				0651E0061F4CF2350092030C /* Main.storyboard */,
				0651E0091F4CF2350092030C /* Assets.xcassets */,
				0651E00B1F4CF2350092030C /* LaunchScreen.storyboard */,
				0651E00E1F4CF2350092030C /* Info.plist */,
				0651DFFD1F4CF2350092030C /* Supporting Files */,
			);
			path = eyCodeChallenge;
			sourceTree = "<group>";
		};
		0651DFFD1F4CF2350092030C /* Supporting Files */ = {
			isa = PBXGroup;
			children = (
				0651DFFE1F4CF2350092030C /* main.m */,
			);
			name = "Supporting Files";
			sourceTree = "<group>";
		};
		0651E0161F4CF2350092030C /* eyCodeChallengeTests */ = {
			isa = PBXGroup;
			children = (
				0651E0171F4CF2350092030C /* eyCodeChallengeTests.m */,
				0651E0191F4CF2350092030C /* Info.plist */,
			);
			path = eyCodeChallengeTests;
			sourceTree = "<group>";
		};
		0651E0211F4CF2350092030C /* eyCodeChallengeUITests */ = {
			isa = PBXGroup;
			children = (
				0651E0221F4CF2350092030C /* eyCodeChallengeUITests.m */,
				0651E0241F4CF2350092030C /* Info.plist */,
			);
			path = eyCodeChallengeUITests;
			sourceTree = "<group>";
		};
		0651E0321F4CFD7D0092030C /* Models */ = {
			isa = PBXGroup;
			children = (
				0651E03B1F4D0EB10092030C /* ImageBuilder.h */,
				0651E03C1F4D0EB10092030C /* ImageBuilder.m */,
				0651E03F1F4D0EFC0092030C /* ImageObject.h */,
				0651E0401F4D0EFC0092030C /* ImageObject.m */,
			);
			name = Models;
			sourceTree = "<group>";
		};
		0651E0331F4CFD840092030C /* Views */ = {
			isa = PBXGroup;
			children = (
				0651E0361F4D04510092030C /* Cell */,
				0651E0351F4D043E0092030C /* CollectionView */,
			);
			name = Views;
			sourceTree = "<group>";
		};
		0651E0341F4CFD8B0092030C /* Controllers  */ = {
			isa = PBXGroup;
			children = (
				062273E11F4D202E0080790D /* ImageGridViewController.h */,
				062273E21F4D202E0080790D /* ImageGridViewController.m */,
			);
			name = "Controllers ";
			sourceTree = "<group>";
		};
		0651E0351F4D043E0092030C /* CollectionView */ = {
			isa = PBXGroup;
			children = (
			);
			name = CollectionView;
			sourceTree = "<group>";
		};
		0651E0361F4D04510092030C /* Cell */ = {
			isa = PBXGroup;
			children = (
				062273E41F4D232E0080790D /* imageGridCollectionViewCell.h */,
				062273E51F4D232E0080790D /* imageGridCollectionViewCell.m */,
			);
			name = Cell;
			sourceTree = "<group>";
		};
		0651E0371F4D09150092030C /* Networking */ = {
			isa = PBXGroup;
			children = (
				0651E0381F4D09340092030C /* ApiNetworkingManager.h */,
				0651E0391F4D09340092030C /* ApiNetworkingManager.m */,
			);
			name = Networking;
			sourceTree = "<group>";
		};
/* End PBXGroup section */

/* Begin PBXNativeTarget section */
		0651DFF91F4CF2350092030C /* eyCodeChallenge */ = {
			isa = PBXNativeTarget;
			buildConfigurationList = 0651E0271F4CF2350092030C /* Build configuration list for PBXNativeTarget "eyCodeChallenge" */;
			buildPhases = (
				0651DFF61F4CF2350092030C /* Sources */,
				0651DFF71F4CF2350092030C /* Frameworks */,
				0651DFF81F4CF2350092030C /* Resources */,
			);
			buildRules = (
			);
			dependencies = (
			);
			name = eyCodeChallenge;
			productName = eyCodeChallenge;
			productReference = 0651DFFA1F4CF2350092030C /* eyCodeChallenge.app */;
			productType = "com.apple.product-type.application";
		};
		0651E0121F4CF2350092030C /* eyCodeChallengeTests */ = {
			isa = PBXNativeTarget;
			buildConfigurationList = 0651E02A1F4CF2350092030C /* Build configuration list for PBXNativeTarget "eyCodeChallengeTests" */;
			buildPhases = (
				0651E00F1F4CF2350092030C /* Sources */,
				0651E0101F4CF2350092030C /* Frameworks */,
				0651E0111F4CF2350092030C /* Resources */,
			);
			buildRules = (
			);
			dependencies = (
				0651E0151F4CF2350092030C /* PBXTargetDependency */,
			);
			name = eyCodeChallengeTests;
			productName = eyCodeChallengeTests;
			productReference = 0651E0131F4CF2350092030C /* eyCodeChallengeTests.xctest */;
			productType = "com.apple.product-type.bundle.unit-test";
		};
		0651E01D1F4CF2350092030C /* eyCodeChallengeUITests */ = {
			isa = PBXNativeTarget;
			buildConfigurationList = 0651E02D1F4CF2350092030C /* Build configuration list for PBXNativeTarget "eyCodeChallengeUITests" */;
			buildPhases = (
				0651E01A1F4CF2350092030C /* Sources */,
				0651E01B1F4CF2350092030C /* Frameworks */,
				0651E01C1F4CF2350092030C /* Resources */,
			);
			buildRules = (
			);
			dependencies = (
				0651E0201F4CF2350092030C /* PBXTargetDependency */,
			);
			name = eyCodeChallengeUITests;
			productName = eyCodeChallengeUITests;
			productReference = 0651E01E1F4CF2350092030C /* eyCodeChallengeUITests.xctest */;
			productType = "com.apple.product-type.bundle.ui-testing";
		};
/* End PBXNativeTarget section */

/* Begin PBXProject section */
		0651DFF21F4CF2350092030C /* Project object */ = {
			isa = PBXProject;
			attributes = {
				LastUpgradeCheck = 0830;
				ORGANIZATIONNAME = "Maila  Manzur";
				TargetAttributes = {
					0651DFF91F4CF2350092030C = {
						CreatedOnToolsVersion = 8.3.1;
						ProvisioningStyle = Automatic;
					};
					0651E0121F4CF2350092030C = {
						CreatedOnToolsVersion = 8.3.1;
						ProvisioningStyle = Automatic;
						TestTargetID = 0651DFF91F4CF2350092030C;
					};
					0651E01D1F4CF2350092030C = {
						CreatedOnToolsVersion = 8.3.1;
						ProvisioningStyle = Automatic;
						TestTargetID = 0651DFF91F4CF2350092030C;
					};
				};
			};
			buildConfigurationList = 0651DFF51F4CF2350092030C /* Build configuration list for PBXProject "eyCodeChallenge" */;
			compatibilityVersion = "Xcode 3.2";
			developmentRegion = English;
			hasScannedForEncodings = 0;
			knownRegions = (
				en,
				Base,
			);
			mainGroup = 0651DFF11F4CF2350092030C;
			productRefGroup = 0651DFFB1F4CF2350092030C /* Products */;
			projectDirPath = "";
			projectRoot = "";
			targets = (
				0651DFF91F4CF2350092030C /* eyCodeChallenge */,
				0651E0121F4CF2350092030C /* eyCodeChallengeTests */,
				0651E01D1F4CF2350092030C /* eyCodeChallengeUITests */,
			);
		};
/* End PBXProject section */

/* Begin PBXResourcesBuildPhase section */
		0651DFF81F4CF2350092030C /* Resources */ = {
			isa = PBXResourcesBuildPhase;
			buildActionMask = 2147483647;
			files = (
				0651E00D1F4CF2350092030C /* LaunchScreen.storyboard in Resources */,
				0651E00A1F4CF2350092030C /* Assets.xcassets in Resources */,
				0651E0081F4CF2350092030C /* Main.storyboard in Resources */,
			);
			runOnlyForDeploymentPostprocessing = 0;
		};
		0651E0111F4CF2350092030C /* Resources */ = {
			isa = PBXResourcesBuildPhase;
			buildActionMask = 2147483647;
			files = (
			);
			runOnlyForDeploymentPostprocessing = 0;
		};
		0651E01C1F4CF2350092030C /* Resources */ = {
			isa = PBXResourcesBuildPhase;
			buildActionMask = 2147483647;
			files = (
			);
			runOnlyForDeploymentPostprocessing = 0;
		};
/* End PBXResourcesBuildPhase section */

/* Begin PBXSourcesBuildPhase section */
		0651DFF61F4CF2350092030C /* Sources */ = {
			isa = PBXSourcesBuildPhase;
			buildActionMask = 2147483647;
			files = (
				062273EA1F4D28160080790D /* UIImageView+Utils.m in Sources */,
				062273E61F4D232E0080790D /* imageGridCollectionViewCell.m in Sources */,
				062273E31F4D202E0080790D /* ImageGridViewController.m in Sources */,
				0651E0411F4D0EFC0092030C /* ImageObject.m in Sources */,
				0651E0051F4CF2350092030C /* ViewController.m in Sources */,
				0651E0021F4CF2350092030C /* AppDelegate.m in Sources */,
				0651E03A1F4D09340092030C /* ApiNetworkingManager.m in Sources */,
				0651DFFF1F4CF2350092030C /* main.m in Sources */,
				0651E03D1F4D0EB10092030C /* ImageBuilder.m in Sources */,
			);
			runOnlyForDeploymentPostprocessing = 0;
		};
		0651E00F1F4CF2350092030C /* Sources */ = {
			isa = PBXSourcesBuildPhase;
			buildActionMask = 2147483647;
			files = (
				0651E0181F4CF2350092030C /* eyCodeChallengeTests.m in Sources */,
			);
			runOnlyForDeploymentPostprocessing = 0;
		};
		0651E01A1F4CF2350092030C /* Sources */ = {
			isa = PBXSourcesBuildPhase;
			buildActionMask = 2147483647;
			files = (
				0651E0231F4CF2350092030C /* eyCodeChallengeUITests.m in Sources */,
			);
			runOnlyForDeploymentPostprocessing = 0;
		};
/* End PBXSourcesBuildPhase section */

/* Begin PBXTargetDependency section */
		0651E0151F4CF2350092030C /* PBXTargetDependency */ = {
			isa = PBXTargetDependency;
			target = 0651DFF91F4CF2350092030C /* eyCodeChallenge */;
			targetProxy = 0651E0141F4CF2350092030C /* PBXContainerItemProxy */;
		};
		0651E0201F4CF2350092030C /* PBXTargetDependency */ = {
			isa = PBXTargetDependency;
			target = 0651DFF91F4CF2350092030C /* eyCodeChallenge */;
			targetProxy = 0651E01F1F4CF2350092030C /* PBXContainerItemProxy */;
		};
/* End PBXTargetDependency section */

/* Begin PBXVariantGroup section */
		0651E0061F4CF2350092030C /* Main.storyboard */ = {
			isa = PBXVariantGroup;
			children = (
				0651E0071F4CF2350092030C /* Base */,
			);
			name = Main.storyboard;
			sourceTree = "<group>";
		};
		0651E00B1F4CF2350092030C /* LaunchScreen.storyboard */ = {
			isa = PBXVariantGroup;
			children = (
				0651E00C1F4CF2350092030C /* Base */,
			);
			name = LaunchScreen.storyboard;
			sourceTree = "<group>";
		};
/* End PBXVariantGroup section */

/* Begin XCBuildConfiguration section */
		0651E0251F4CF2350092030C /* Debug */ = {
			isa = XCBuildConfiguration;
			buildSettings = {
				ALWAYS_SEARCH_USER_PATHS = NO;
				CLANG_ANALYZER_NONNULL = YES;
				CLANG_ANALYZER_NUMBER_OBJECT_CONVERSION = YES_AGGRESSIVE;
				CLANG_CXX_LANGUAGE_STANDARD = "gnu++0x";
				CLANG_CXX_LIBRARY = "libc++";
				CLANG_ENABLE_MODULES = YES;
				CLANG_ENABLE_OBJC_ARC = YES;
				CLANG_WARN_BOOL_CONVERSION = YES;
				CLANG_WARN_CONSTANT_CONVERSION = YES;
				CLANG_WARN_DIRECT_OBJC_ISA_USAGE = YES_ERROR;
				CLANG_WARN_DOCUMENTATION_COMMENTS = YES;
				CLANG_WARN_EMPTY_BODY = YES;
				CLANG_WARN_ENUM_CONVERSION = YES;
				CLANG_WARN_INFINITE_RECURSION = YES;
				CLANG_WARN_INT_CONVERSION = YES;
				CLANG_WARN_OBJC_ROOT_CLASS = YES_ERROR;
				CLANG_WARN_SUSPICIOUS_MOVE = YES;
				CLANG_WARN_UNREACHABLE_CODE = YES;
				CLANG_WARN__DUPLICATE_METHOD_MATCH = YES;
				"CODE_SIGN_IDENTITY[sdk=iphoneos*]" = "iPhone Developer";
				COPY_PHASE_STRIP = NO;
				DEBUG_INFORMATION_FORMAT = dwarf;
				ENABLE_STRICT_OBJC_MSGSEND = YES;
				ENABLE_TESTABILITY = YES;
				GCC_C_LANGUAGE_STANDARD = gnu99;
				GCC_DYNAMIC_NO_PIC = NO;
				GCC_NO_COMMON_BLOCKS = YES;
				GCC_OPTIMIZATION_LEVEL = 0;
				GCC_PREPROCESSOR_DEFINITIONS = (
					"DEBUG=1",
					"$(inherited)",
				);
				GCC_WARN_64_TO_32_BIT_CONVERSION = YES;
				GCC_WARN_ABOUT_RETURN_TYPE = YES_ERROR;
				GCC_WARN_UNDECLARED_SELECTOR = YES;
				GCC_WARN_UNINITIALIZED_AUTOS = YES_AGGRESSIVE;
				GCC_WARN_UNUSED_FUNCTION = YES;
				GCC_WARN_UNUSED_VARIABLE = YES;
				IPHONEOS_DEPLOYMENT_TARGET = 10.3;
				MTL_ENABLE_DEBUG_INFO = YES;
				ONLY_ACTIVE_ARCH = YES;
				SDKROOT = iphoneos;
				TARGETED_DEVICE_FAMILY = "1,2";
			};
			name = Debug;
		};
		0651E0261F4CF2350092030C /* Release */ = {
			isa = XCBuildConfiguration;
			buildSettings = {
				ALWAYS_SEARCH_USER_PATHS = NO;
				CLANG_ANALYZER_NONNULL = YES;
				CLANG_ANALYZER_NUMBER_OBJECT_CONVERSION = YES_AGGRESSIVE;
				CLANG_CXX_LANGUAGE_STANDARD = "gnu++0x";
				CLANG_CXX_LIBRARY = "libc++";
				CLANG_ENABLE_MODULES = YES;
				CLANG_ENABLE_OBJC_ARC = YES;
				CLANG_WARN_BOOL_CONVERSION = YES;
				CLANG_WARN_CONSTANT_CONVERSION = YES;
				CLANG_WARN_DIRECT_OBJC_ISA_USAGE = YES_ERROR;
				CLANG_WARN_DOCUMENTATION_COMMENTS = YES;
				CLANG_WARN_EMPTY_BODY = YES;
				CLANG_WARN_ENUM_CONVERSION = YES;
				CLANG_WARN_INFINITE_RECURSION = YES;
				CLANG_WARN_INT_CONVERSION = YES;
				CLANG_WARN_OBJC_ROOT_CLASS = YES_ERROR;
				CLANG_WARN_SUSPICIOUS_MOVE = YES;
				CLANG_WARN_UNREACHABLE_CODE = YES;
				CLANG_WARN__DUPLICATE_METHOD_MATCH = YES;
				"CODE_SIGN_IDENTITY[sdk=iphoneos*]" = "iPhone Developer";
				COPY_PHASE_STRIP = NO;
				DEBUG_INFORMATION_FORMAT = "dwarf-with-dsym";
				ENABLE_NS_ASSERTIONS = NO;
				ENABLE_STRICT_OBJC_MSGSEND = YES;
				GCC_C_LANGUAGE_STANDARD = gnu99;
				GCC_NO_COMMON_BLOCKS = YES;
				GCC_WARN_64_TO_32_BIT_CONVERSION = YES;
				GCC_WARN_ABOUT_RETURN_TYPE = YES_ERROR;
				GCC_WARN_UNDECLARED_SELECTOR = YES;
				GCC_WARN_UNINITIALIZED_AUTOS = YES_AGGRESSIVE;
				GCC_WARN_UNUSED_FUNCTION = YES;
				GCC_WARN_UNUSED_VARIABLE = YES;
				IPHONEOS_DEPLOYMENT_TARGET = 10.3;
				MTL_ENABLE_DEBUG_INFO = NO;
				SDKROOT = iphoneos;
				TARGETED_DEVICE_FAMILY = "1,2";
				VALIDATE_PRODUCT = YES;
			};
			name = Release;
		};
		0651E0281F4CF2350092030C /* Debug */ = {
			isa = XCBuildConfiguration;
			buildSettings = {
				ASSETCATALOG_COMPILER_APPICON_NAME = AppIcon;
				INFOPLIST_FILE = eyCodeChallenge/Info.plist;
				LD_RUNPATH_SEARCH_PATHS = "$(inherited) @executable_path/Frameworks";
				PRODUCT_BUNDLE_IDENTIFIER = maila.eyCodeChallenge;
				PRODUCT_NAME = "$(TARGET_NAME)";
			};
			name = Debug;
		};
		0651E0291F4CF2350092030C /* Release */ = {
			isa = XCBuildConfiguration;
			buildSettings = {
				ASSETCATALOG_COMPILER_APPICON_NAME = AppIcon;
				INFOPLIST_FILE = eyCodeChallenge/Info.plist;
				LD_RUNPATH_SEARCH_PATHS = "$(inherited) @executable_path/Frameworks";
				PRODUCT_BUNDLE_IDENTIFIER = maila.eyCodeChallenge;
				PRODUCT_NAME = "$(TARGET_NAME)";
			};
			name = Release;
		};
		0651E02B1F4CF2350092030C /* Debug */ = {
			isa = XCBuildConfiguration;
			buildSettings = {
				BUNDLE_LOADER = "$(TEST_HOST)";
				INFOPLIST_FILE = eyCodeChallengeTests/Info.plist;
				LD_RUNPATH_SEARCH_PATHS = "$(inherited) @executable_path/Frameworks @loader_path/Frameworks";
				PRODUCT_BUNDLE_IDENTIFIER = maila.eyCodeChallengeTests;
				PRODUCT_NAME = "$(TARGET_NAME)";
				TEST_HOST = "$(BUILT_PRODUCTS_DIR)/eyCodeChallenge.app/eyCodeChallenge";
			};
			name = Debug;
		};
		0651E02C1F4CF2350092030C /* Release */ = {
			isa = XCBuildConfiguration;
			buildSettings = {
				BUNDLE_LOADER = "$(TEST_HOST)";
				INFOPLIST_FILE = eyCodeChallengeTests/Info.plist;
				LD_RUNPATH_SEARCH_PATHS = "$(inherited) @executable_path/Frameworks @loader_path/Frameworks";
				PRODUCT_BUNDLE_IDENTIFIER = maila.eyCodeChallengeTests;
				PRODUCT_NAME = "$(TARGET_NAME)";
				TEST_HOST = "$(BUILT_PRODUCTS_DIR)/eyCodeChallenge.app/eyCodeChallenge";
			};
			name = Release;
		};
		0651E02E1F4CF2350092030C /* Debug */ = {
			isa = XCBuildConfiguration;
			buildSettings = {
				INFOPLIST_FILE = eyCodeChallengeUITests/Info.plist;
				LD_RUNPATH_SEARCH_PATHS = "$(inherited) @executable_path/Frameworks @loader_path/Frameworks";
				PRODUCT_BUNDLE_IDENTIFIER = maila.eyCodeChallengeUITests;
				PRODUCT_NAME = "$(TARGET_NAME)";
				TEST_TARGET_NAME = eyCodeChallenge;
			};
			name = Debug;
		};
		0651E02F1F4CF2350092030C /* Release */ = {
			isa = XCBuildConfiguration;
			buildSettings = {
				INFOPLIST_FILE = eyCodeChallengeUITests/Info.plist;
				LD_RUNPATH_SEARCH_PATHS = "$(inherited) @executable_path/Frameworks @loader_path/Frameworks";
				PRODUCT_BUNDLE_IDENTIFIER = maila.eyCodeChallengeUITests;
				PRODUCT_NAME = "$(TARGET_NAME)";
				TEST_TARGET_NAME = eyCodeChallenge;
			};
			name = Release;
		};
/* End XCBuildConfiguration section */

/* Begin XCConfigurationList section */
		0651DFF51F4CF2350092030C /* Build configuration list for PBXProject "eyCodeChallenge" */ = {
			isa = XCConfigurationList;
			buildConfigurations = (
				0651E0251F4CF2350092030C /* Debug */,
				0651E0261F4CF2350092030C /* Release */,
			);
			defaultConfigurationIsVisible = 0;
			defaultConfigurationName = Release;
		};
		0651E0271F4CF2350092030C /* Build configuration list for PBXNativeTarget "eyCodeChallenge" */ = {
			isa = XCConfigurationList;
			buildConfigurations = (
				0651E0281F4CF2350092030C /* Debug */,
				0651E0291F4CF2350092030C /* Release */,
			);
			defaultConfigurationIsVisible = 0;
			defaultConfigurationName = Release;
		};
		0651E02A1F4CF2350092030C /* Build configuration list for PBXNativeTarget "eyCodeChallengeTests" */ = {
			isa = XCConfigurationList;
			buildConfigurations = (
				0651E02B1F4CF2350092030C /* Debug */,
				0651E02C1F4CF2350092030C /* Release */,
			);
			defaultConfigurationIsVisible = 0;
			defaultConfigurationName = Release;
		};
		0651E02D1F4CF2350092030C /* Build configuration list for PBXNativeTarget "eyCodeChallengeUITests" */ = {
			isa = XCConfigurationList;
			buildConfigurations = (
				0651E02E1F4CF2350092030C /* Debug */,
				0651E02F1F4CF2350092030C /* Release */,
			);
			defaultConfigurationIsVisible = 0;
			defaultConfigurationName = Release;
		};
/* End XCConfigurationList section */
	};
	rootObject = 0651DFF21F4CF2350092030C /* Project object */;
}
